// !$*UTF8*$!
{
	archiveVersion = 1;
	classes = {
	};
	objectVersion = 46;
	objects = {

/* Begin PBXBuildFile section */
		9F598AEF1D025E2F001D41F8 /* AppDelegate.swift in Sources */ = {isa = PBXBuildFile; fileRef = 9F598AEE1D025E2F001D41F8 /* AppDelegate.swift */; };
		9F598AF11D025E2F001D41F8 /* ViewController.swift in Sources */ = {isa = PBXBuildFile; fileRef = 9F598AF01D025E2F001D41F8 /* ViewController.swift */; };
		9F598AF41D025E2F001D41F8 /* Main.storyboard in Resources */ = {isa = PBXBuildFile; fileRef = 9F598AF21D025E2F001D41F8 /* Main.storyboard */; };
		9F598AF61D025E2F001D41F8 /* Assets.xcassets in Resources */ = {isa = PBXBuildFile; fileRef = 9F598AF51D025E2F001D41F8 /* Assets.xcassets */; };
		9F598AF91D025E2F001D41F8 /* LaunchScreen.storyboard in Resources */ = {isa = PBXBuildFile; fileRef = 9F598AF71D025E2F001D41F8 /* LaunchScreen.storyboard */; };
		9F598B011D025E97001D41F8 /* MailboxViewController.swift in Sources */ = {isa = PBXBuildFile; fileRef = 9F598B001D025E97001D41F8 /* MailboxViewController.swift */; };
/* End PBXBuildFile section */

/* Begin PBXFileReference section */
		9F598AEB1D025E2F001D41F8 /* Mailbox.app */ = {isa = PBXFileReference; explicitFileType = wrapper.application; includeInIndex = 0; path = Mailbox.app; sourceTree = BUILT_PRODUCTS_DIR; };
		9F598AEE1D025E2F001D41F8 /* AppDelegate.swift */ = {isa = PBXFileReference; lastKnownFileType = sourcecode.swift; path = AppDelegate.swift; sourceTree = "<group>"; };
		9F598AF01D025E2F001D41F8 /* ViewController.swift */ = {isa = PBXFileReference; lastKnownFileType = sourcecode.swift; path = ViewController.swift; sourceTree = "<group>"; };
		9F598AF31D025E2F001D41F8 /* Base */ = {isa = PBXFileReference; lastKnownFileType = file.storyboard; name = Base; path = Base.lproj/Main.storyboard; sourceTree = "<group>"; };
		9F598AF51D025E2F001D41F8 /* Assets.xcassets */ = {isa = PBXFileReference; lastKnownFileType = folder.assetcatalog; path = Assets.xcassets; sourceTree = "<group>"; };
		9F598AF81D025E2F001D41F8 /* Base */ = {isa = PBXFileReference; lastKnownFileType = file.storyboard; name = Base; path = Base.lproj/LaunchScreen.storyboard; sourceTree = "<group>"; };
		9F598AFA1D025E2F001D41F8 /* Info.plist */ = {isa = PBXFileReference; lastKnownFileType = text.plist.xml; path = Info.plist; sourceTree = "<group>"; };
		9F598B001D025E97001D41F8 /* MailboxViewController.swift */ = {isa = PBXFileReference; fileEncoding = 4; lastKnownFileType = sourcecode.swift; path = MailboxViewController.swift; sourceTree = "<group>"; };
/* End PBXFileReference section */

/* Begin PBXFrameworksBuildPhase section */
		9F598AE81D025E2F001D41F8 /* Frameworks */ = {
			isa = PBXFrameworksBuildPhase;
			buildActionMask = 2147483647;
			files = (
			);
			runOnlyForDeploymentPostprocessing = 0;
		};
/* End PBXFrameworksBuildPhase section */

/* Begin PBXGroup section */
		9F598AE21D025E2F001D41F8 = {
			isa = PBXGroup;
			children = (
				9F598AED1D025E2F001D41F8 /* Mailbox */,
				9F598AEC1D025E2F001D41F8 /* Products */,
			);
			sourceTree = "<group>";
		};
		9F598AEC1D025E2F001D41F8 /* Products */ = {
			isa = PBXGroup;
			children = (
				9F598AEB1D025E2F001D41F8 /* Mailbox.app */,
			);
			name = Products;
			sourceTree = "<group>";
		};
		9F598AED1D025E2F001D41F8 /* Mailbox */ = {
			isa = PBXGroup;
			children = (
				9F598AEE1D025E2F001D41F8 /* AppDelegate.swift */,
				9F598AF01D025E2F001D41F8 /* ViewController.swift */,
				9F598AF21D025E2F001D41F8 /* Main.storyboard */,
				9F598B001D025E97001D41F8 /* MailboxViewController.swift */,
				9F598AF51D025E2F001D41F8 /* Assets.xcassets */,
				9F598AF71D025E2F001D41F8 /* LaunchScreen.storyboard */,
				9F598AFA1D025E2F001D41F8 /* Info.plist */,
			);
			path = Mailbox;
			sourceTree = "<group>";
		};
/* End PBXGroup section */

/* Begin PBXNativeTarget section */
		9F598AEA1D025E2F001D41F8 /* Mailbox */ = {
			isa = PBXNativeTarget;
			buildConfigurationList = 9F598AFD1D025E2F001D41F8 /* Build configuration list for PBXNativeTarget "Mailbox" */;
			buildPhases = (
				9F598AE71D025E2F001D41F8 /* Sources */,
				9F598AE81D025E2F001D41F8 /* Frameworks */,
				9F598AE91D025E2F001D41F8 /* Resources */,
			);
			buildRules = (
			);
			dependencies = (
			);
			name = Mailbox;
			productName = Mailbox;
			productReference = 9F598AEB1D025E2F001D41F8 /* Mailbox.app */;
			productType = "com.apple.product-type.application";
		};
/* End PBXNativeTarget section */

/* Begin PBXProject section */
		9F598AE31D025E2F001D41F8 /* Project object */ = {
			isa = PBXProject;
			attributes = {
				LastSwiftUpdateCheck = 0720;
				LastUpgradeCheck = 0720;
				ORGANIZATIONNAME = "Alexandra Saunders";
				TargetAttributes = {
					9F598AEA1D025E2F001D41F8 = {
						CreatedOnToolsVersion = 7.2.1;
						DevelopmentTeam = YPY4UFVRHH;
					};
				};
			};
			buildConfigurationList = 9F598AE61D025E2F001D41F8 /* Build configuration list for PBXProject "Mailbox" */;
			compatibilityVersion = "Xcode 3.2";
			developmentRegion = English;
			hasScannedForEncodings = 0;
			knownRegions = (
				en,
				Base,
			);
			mainGroup = 9F598AE21D025E2F001D41F8;
			productRefGroup = 9F598AEC1D025E2F001D41F8 /* Products */;
			projectDirPath = "";
			projectRoot = "";
			targets = (
				9F598AEA1D025E2F001D41F8 /* Mailbox */,
			);
		};
/* End PBXProject section */

/* Begin PBXResourcesBuildPhase section */
		9F598AE91D025E2F001D41F8 /* Resources */ = {
			isa = PBXResourcesBuildPhase;
			buildActionMask = 2147483647;
			files = (
				9F598AF91D025E2F001D41F8 /* LaunchScreen.storyboard in Resources */,
				9F598AF61D025E2F001D41F8 /* Assets.xcassets in Resources */,
				9F598AF41D025E2F001D41F8 /* Main.storyboard in Resources */,
			);
			runOnlyForDeploymentPostprocessing = 0;
		};
/* End PBXResourcesBuildPhase section */

/* Begin PBXSourcesBuildPhase section */
		9F598AE71D025E2F001D41F8 /* Sources */ = {
			isa = PBXSourcesBuildPhase;
			buildActionMask = 2147483647;
			files = (
				9F598AF11D025E2F001D41F8 /* ViewController.swift in Sources */,
				9F598AEF1D025E2F001D41F8 /* AppDelegate.swift in Sources */,
				9F598B011D025E97001D41F8 /* MailboxViewController.swift in Sources */,
			);
			runOnlyForDeploymentPostprocessing = 0;
		};
/* End PBXSourcesBuildPhase section */

/* Begin PBXVariantGroup section */
		9F598AF21D025E2F001D41F8 /* Main.storyboard */ = {
			isa = PBXVariantGroup;
			children = (
				9F598AF31D025E2F001D41F8 /* Base */,
			);
			name = Main.storyboard;
			sourceTree = "<group>";
		};
		9F598AF71D025E2F001D41F8 /* LaunchScreen.storyboard */ = {
			isa = PBXVariantGroup;
			children = (
				9F598AF81D025E2F001D41F8 /* Base */,
			);
			name = LaunchScreen.storyboard;
			sourceTree = "<group>";
		};
/* End PBXVariantGroup section */

/* Begin XCBuildConfiguration section */
		9F598AFB1D025E2F001D41F8 /* Debug */ = {
			isa = XCBuildConfiguration;
			buildSettings = {
				ALWAYS_SEARCH_USER_PATHS = NO;
				CLANG_CXX_LANGUAGE_STANDARD = "gnu++0x";
				CLANG_CXX_LIBRARY = "libc++";
				CLANG_ENABLE_MODULES = YES;
				CLANG_ENABLE_OBJC_ARC = YES;
				CLANG_WARN_BOOL_CONVERSION = YES;
				CLANG_WARN_CONSTANT_CONVERSION = YES;
				CLANG_WARN_DIRECT_OBJC_ISA_USAGE = YES_ERROR;
				CLANG_WARN_EMPTY_BODY = YES;
				CLANG_WARN_ENUM_CONVERSION = YES;
				CLANG_WARN_INT_CONVERSION = YES;
				CLANG_WARN_OBJC_ROOT_CLASS = YES_ERROR;
				CLANG_WARN_UNREACHABLE_CODE = YES;
				CLANG_WARN__DUPLICATE_METHOD_MATCH = YES;
				"CODE_SIGN_IDENTITY[sdk=iphoneos*]" = "iPhone Developer";
				COPY_PHASE_STRIP = NO;
				DEBUG_INFORMATION_FORMAT = dwarf;
				ENABLE_STRICT_OBJC_MSGSEND = YES;
				ENABLE_TESTABILITY = YES;
				GCC_C_LANGUAGE_STANDARD = gnu99;
				GCC_DYNAMIC_NO_PIC = NO;
				GCC_NO_COMMON_BLOCKS = YES;
				GCC_OPTIMIZATION_LEVEL = 0;
				GCC_PREPROCESSOR_DEFINITIONS = (
					"DEBUG=1",
					"$(inherited)",
				);
				GCC_WARN_64_TO_32_BIT_CONVERSION = YES;
				GCC_WARN_ABOUT_RETURN_TYPE = YES_ERROR;
				GCC_WARN_UNDECLARED_SELECTOR = YES;
				GCC_WARN_UNINITIALIZED_AUTOS = YES_AGGRESSIVE;
				GCC_WARN_UNUSED_FUNCTION = YES;
				GCC_WARN_UNUSED_VARIABLE = YES;
				IPHONEOS_DEPLOYMENT_TARGET = 9.2;
				MTL_ENABLE_DEBUG_INFO = YES;
				ONLY_ACTIVE_ARCH = YES;
				SDKROOT = iphoneos;
				SWIFT_OPTIMIZATION_LEVEL = "-Onone";
			};
			name = Debug;
		};
		9F598AFC1D025E2F001D41F8 /* Release */ = {
			isa = XCBuildConfiguration;
			buildSettings = {
				ALWAYS_SEARCH_USER_PATHS = NO;
				CLANG_CXX_LANGUAGE_STANDARD = "gnu++0x";
				CLANG_CXX_LIBRARY = "libc++";
				CLANG_ENABLE_MODULES = YES;
				CLANG_ENABLE_OBJC_ARC = YES;
				CLANG_WARN_BOOL_CONVERSION = YES;
				CLANG_WARN_CONSTANT_CONVERSION = YES;
				CLANG_WARN_DIRECT_OBJC_ISA_USAGE = YES_ERROR;
				CLANG_WARN_EMPTY_BODY = YES;
				CLANG_WARN_ENUM_CONVERSION = YES;
				CLANG_WARN_INT_CONVERSION = YES;
				CLANG_WARN_OBJC_ROOT_CLASS = YES_ERROR;
				CLANG_WARN_UNREACHABLE_CODE = YES;
				CLANG_WARN__DUPLICATE_METHOD_MATCH = YES;
				"CODE_SIGN_IDENTITY[sdk=iphoneos*]" = "iPhone Developer";
				COPY_PHASE_STRIP = NO;
				DEBUG_INFORMATION_FORMAT = "dwarf-with-dsym";
				ENABLE_NS_ASSERTIONS = NO;
				ENABLE_STRICT_OBJC_MSGSEND = YES;
				GCC_C_LANGUAGE_STANDARD = gnu99;
				GCC_NO_COMMON_BLOCKS = YES;
				GCC_WARN_64_TO_32_BIT_CONVERSION = YES;
				GCC_WARN_ABOUT_RETURN_TYPE = YES_ERROR;
				GCC_WARN_UNDECLARED_SELECTOR = YES;
				GCC_WARN_UNINITIALIZED_AUTOS = YES_AGGRESSIVE;
				GCC_WARN_UNUSED_FUNCTION = YES;
				GCC_WARN_UNUSED_VARIABLE = YES;
				IPHONEOS_DEPLOYMENT_TARGET = 9.2;
				MTL_ENABLE_DEBUG_INFO = NO;
				SDKROOT = iphoneos;
				VALIDATE_PRODUCT = YES;
			};
			name = Release;
		};
		9F598AFE1D025E2F001D41F8 /* Debug */ = {
			isa = XCBuildConfiguration;
			buildSettings = {
				ASSETCATALOG_COMPILER_APPICON_NAME = AppIcon;
				INFOPLIST_FILE = Mailbox/Info.plist;
				LD_RUNPATH_SEARCH_PATHS = "$(inherited) @executable_path/Frameworks";
				PRODUCT_BUNDLE_IDENTIFIER = com.example.Mailbox;
				PRODUCT_NAME = "$(TARGET_NAME)";
			};
			name = Debug;
		};
		9F598AFF1D025E2F001D41F8 /* Release */ = {
			isa = XCBuildConfiguration;
			buildSettings = {
				ASSETCATALOG_COMPILER_APPICON_NAME = AppIcon;
				INFOPLIST_FILE = Mailbox/Info.plist;
				LD_RUNPATH_SEARCH_PATHS = "$(inherited) @executable_path/Frameworks";
				PRODUCT_BUNDLE_IDENTIFIER = com.example.Mailbox;
				PRODUCT_NAME = "$(TARGET_NAME)";
			};
			name = Release;
		};
/* End XCBuildConfiguration section */

/* Begin XCConfigurationList section */
		9F598AE61D025E2F001D41F8 /* Build configuration list for PBXProject "Mailbox" */ = {
			isa = XCConfigurationList;
			buildConfigurations = (
				9F598AFB1D025E2F001D41F8 /* Debug */,
				9F598AFC1D025E2F001D41F8 /* Release */,
			);
			defaultConfigurationIsVisible = 0;
			defaultConfigurationName = Release;
		};
		9F598AFD1D025E2F001D41F8 /* Build configuration list for PBXNativeTarget "Mailbox" */ = {
			isa = XCConfigurationList;
			buildConfigurations = (
				9F598AFE1D025E2F001D41F8 /* Debug */,
				9F598AFF1D025E2F001D41F8 /* Release */,
			);
			defaultConfigurationIsVisible = 0;
		};
/* End XCConfigurationList section */
	};
	rootObject = 9F598AE31D025E2F001D41F8 /* Project object */;
}
